
Microsoft Visual Studio Solution File, Format Version 12.00
# Visual Studio Version 17
VisualStudioVersion = 17.7.34018.315
MinimumVisualStudioVersion = 10.0.40219.1
Project("{FAE04EC0-301F-11D3-BF4B-00C04F79EFBC}") = "RecipeBook", "RecipeBook\RecipeBook.csproj", "{F0041CAD-0351-44C6-99B0-06F72CE88536}"
EndProject
Global
	GlobalSection(SolutionConfigurationPlatforms) = preSolution
		Debug|Any CPU = Debug|Any CPU
		Release|Any CPU = Release|Any CPU
	EndGlobalSection
	GlobalSection(ProjectConfigurationPlatforms) = postSolution
		{F0041CAD-0351-44C6-99B0-06F72CE88536}.Debug|Any CPU.ActiveCfg = Debug|Any CPU
		{F0041CAD-0351-44C6-99B0-06F72CE88536}.Debug|Any CPU.Build.0 = Debug|Any CPU
		{F0041CAD-0351-44C6-99B0-06F72CE88536}.Release|Any CPU.ActiveCfg = Release|Any CPU
		{F0041CAD-0351-44C6-99B0-06F72CE88536}.Release|Any CPU.Build.0 = Release|Any CPU
	EndGlobalSection
	GlobalSection(SolutionProperties) = preSolution
		HideSolutionNode = FALSE
	EndGlobalSection
	GlobalSection(ExtensibilityGlobals) = postSolution
		SolutionGuid = {46F282A7-F122-4E2C-A471-67D44DB250C8}
	EndGlobalSection
EndGlobal
